PODS:
  - camera (0.0.1):
    - Flutter
  - Flutter (1.0.0)
  - flutter_plugin_test_ios (0.0.1):
    - Flutter

DEPENDENCIES:
  - camera (from `.symlinks/plugins/camera/ios`)
  - Flutter (from `Flutter`)
  - flutter_plugin_test_ios (from `.symlinks/plugins/flutter_plugin_test_ios/ios`)

EXTERNAL SOURCES:
  camera:
    :path: ".symlinks/plugins/camera/ios"
  Flutter:
    :path: Flutter
  flutter_plugin_test_ios:
    :path: ".symlinks/plugins/flutter_plugin_test_ios/ios"

SPEC CHECKSUMS:
  camera: 3164201dc344383e62282964016528c4f5a9ad50
  Flutter: 50d75fe2f02b26cc09d224853bb45737f8b3214a
  flutter_plugin_test_ios: f7616a14345b38b272567c7c94ff0eeddb202f4f

PODFILE CHECKSUM: aafe91acc616949ddb318b77800a7f51bffa2a4c

COCOAPODS: 1.11.2
